
Microsoft Visual Studio Solution File, Format Version 12.00
# Visual Studio Version 17
VisualStudioVersion = 17.4.33205.214
MinimumVisualStudioVersion = 10.0.40219.1
Project("{FAE04EC0-301F-11D3-BF4B-00C04F79EFBC}") = "BOL", "BOL\BOL.csproj", "{CE73DF59-AB7C-4D78-B60C-9882871E35A5}"
EndProject
Project("{FAE04EC0-301F-11D3-BF4B-00C04F79EFBC}") = "DAL", "DAL\DAL.csproj", "{A225C845-77A5-48C2-BEC4-F2F53566BF13}"
EndProject
Project("{FAE04EC0-301F-11D3-BF4B-00C04F79EFBC}") = "DESIGNER", "DESIGNER\DESIGNER.csproj", "{1077CC3F-C346-4ADB-AFA5-51395AFA05F7}"
EndProject
Global
	GlobalSection(SolutionConfigurationPlatforms) = preSolution
		Debug|Any CPU = Debug|Any CPU
		Release|Any CPU = Release|Any CPU
	EndGlobalSection
	GlobalSection(ProjectConfigurationPlatforms) = postSolution
		{CE73DF59-AB7C-4D78-B60C-9882871E35A5}.Debug|Any CPU.ActiveCfg = Debug|Any CPU
		{CE73DF59-AB7C-4D78-B60C-9882871E35A5}.Debug|Any CPU.Build.0 = Debug|Any CPU
		{CE73DF59-AB7C-4D78-B60C-9882871E35A5}.Release|Any CPU.ActiveCfg = Release|Any CPU
		{CE73DF59-AB7C-4D78-B60C-9882871E35A5}.Release|Any CPU.Build.0 = Release|Any CPU
		{A225C845-77A5-48C2-BEC4-F2F53566BF13}.Debug|Any CPU.ActiveCfg = Debug|Any CPU
		{A225C845-77A5-48C2-BEC4-F2F53566BF13}.Debug|Any CPU.Build.0 = Debug|Any CPU
		{A225C845-77A5-48C2-BEC4-F2F53566BF13}.Release|Any CPU.ActiveCfg = Release|Any CPU
		{A225C845-77A5-48C2-BEC4-F2F53566BF13}.Release|Any CPU.Build.0 = Release|Any CPU
		{1077CC3F-C346-4ADB-AFA5-51395AFA05F7}.Debug|Any CPU.ActiveCfg = Debug|Any CPU
		{1077CC3F-C346-4ADB-AFA5-51395AFA05F7}.Debug|Any CPU.Build.0 = Debug|Any CPU
		{1077CC3F-C346-4ADB-AFA5-51395AFA05F7}.Release|Any CPU.ActiveCfg = Release|Any CPU
		{1077CC3F-C346-4ADB-AFA5-51395AFA05F7}.Release|Any CPU.Build.0 = Release|Any CPU
	EndGlobalSection
	GlobalSection(SolutionProperties) = preSolution
		HideSolutionNode = FALSE
	EndGlobalSection
	GlobalSection(ExtensibilityGlobals) = postSolution
		SolutionGuid = {41AA89DE-A823-4BE9-B5CF-62418C5DDD65}
	EndGlobalSection
EndGlobal
